
Microsoft Visual Studio Solution File, Format Version 11.00
# Visual Studio 2010
Project("{FAE04EC0-301F-11D3-BF4B-00C04F79EFBC}") = "EC.AndreasLef.Sharepoint.Projekt", "EC.AndreasLef.Sharepoint.Projekt\EC.AndreasLef.Sharepoint.Projekt.csproj", "{58B18682-7123-4EBD-8264-A255E6A5F411}"
EndProject
Project("{FAE04EC0-301F-11D3-BF4B-00C04F79EFBC}") = "EC.AndreasLef.Sharepoint.Projekt.Documents", "EC.AndreasLef.Sharepoint.Projekt.Documents\EC.AndreasLef.Sharepoint.Projekt.Documents.csproj", "{A17A2BCD-7F93-44C7-BCEA-FBF94A943877}"
EndProject
Global
	GlobalSection(SolutionConfigurationPlatforms) = preSolution
		Debug|Any CPU = Debug|Any CPU
		Release|Any CPU = Release|Any CPU
	EndGlobalSection
	GlobalSection(ProjectConfigurationPlatforms) = postSolution
		{58B18682-7123-4EBD-8264-A255E6A5F411}.Debug|Any CPU.ActiveCfg = Debug|Any CPU
		{58B18682-7123-4EBD-8264-A255E6A5F411}.Debug|Any CPU.Build.0 = Debug|Any CPU
		{58B18682-7123-4EBD-8264-A255E6A5F411}.Debug|Any CPU.Deploy.0 = Debug|Any CPU
		{58B18682-7123-4EBD-8264-A255E6A5F411}.Release|Any CPU.ActiveCfg = Release|Any CPU
		{58B18682-7123-4EBD-8264-A255E6A5F411}.Release|Any CPU.Build.0 = Release|Any CPU
		{58B18682-7123-4EBD-8264-A255E6A5F411}.Release|Any CPU.Deploy.0 = Release|Any CPU
		{A17A2BCD-7F93-44C7-BCEA-FBF94A943877}.Debug|Any CPU.ActiveCfg = Debug|Any CPU
		{A17A2BCD-7F93-44C7-BCEA-FBF94A943877}.Debug|Any CPU.Build.0 = Debug|Any CPU
		{A17A2BCD-7F93-44C7-BCEA-FBF94A943877}.Release|Any CPU.ActiveCfg = Release|Any CPU
		{A17A2BCD-7F93-44C7-BCEA-FBF94A943877}.Release|Any CPU.Build.0 = Release|Any CPU
	EndGlobalSection
	GlobalSection(SolutionProperties) = preSolution
		HideSolutionNode = FALSE
	EndGlobalSection
EndGlobal
